
Microsoft Visual Studio Solution File, Format Version 12.00
# Visual Studio Version 17
VisualStudioVersion = 17.3.32929.385
MinimumVisualStudioVersion = 10.0.40219.1
Project("{9A19103F-16F7-4668-BE54-9A1E7A4F7556}") = "Igra", "tester\Igra.csproj", "{4C5ABAB6-63B7-4A30-AC87-64E1140EE90D}"
EndProject
Project("{2150E333-8FDC-42A3-9474-1A3956D46DE8}") = "Solution Items", "Solution Items", "{713BD4DD-A742-4D54-997E-BA15B006798E}"
	ProjectSection(SolutionItems) = preProject
		.editorconfig = .editorconfig
	EndProjectSection
EndProject
Global
	GlobalSection(SolutionConfigurationPlatforms) = preSolution
		Debug|Any CPU = Debug|Any CPU
		Release|Any CPU = Release|Any CPU
	EndGlobalSection
	GlobalSection(ProjectConfigurationPlatforms) = postSolution
		{4C5ABAB6-63B7-4A30-AC87-64E1140EE90D}.Debug|Any CPU.ActiveCfg = Debug|Any CPU
		{4C5ABAB6-63B7-4A30-AC87-64E1140EE90D}.Debug|Any CPU.Build.0 = Debug|Any CPU
		{4C5ABAB6-63B7-4A30-AC87-64E1140EE90D}.Release|Any CPU.ActiveCfg = Release|Any CPU
		{4C5ABAB6-63B7-4A30-AC87-64E1140EE90D}.Release|Any CPU.Build.0 = Release|Any CPU
	EndGlobalSection
	GlobalSection(SolutionProperties) = preSolution
		HideSolutionNode = FALSE
	EndGlobalSection
	GlobalSection(ExtensibilityGlobals) = postSolution
		SolutionGuid = {6C9AFF63-FAD0-41BC-A729-B0F441192665}
	EndGlobalSection
EndGlobal
